Microsoft Visual Studio Solution File, Format Version 12.00
# Visual Studio Version 17
VisualStudioVersion = 17.5.2.0
MinimumVisualStudioVersion = 10.0.40219.1
Project("{FAE04EC0-301F-11D3-BF4B-00C04F79EFBC}") = "Semana2", "Semana2\Semana2.csproj", "{BC981F2C-69CC-CC1F-5925-39F316468026}"
EndProject
Project("{FAE04EC0-301F-11D3-BF4B-00C04F79EFBC}") = "Semana3", "Semana3\Semana3.csproj", "{1DC845DC-B2CC-3928-5ED7-54965BC09AB1}"
EndProject
Project("{FAE04EC0-301F-11D3-BF4B-00C04F79EFBC}") = "Semana4", "Semana4\Semana4.csproj", "{1748A8BC-920D-E800-6469-6AC74E03A3F1}"
EndProject
Project("{FAE04EC0-301F-11D3-BF4B-00C04F79EFBC}") = "Semana5", "Semana5\Semana5.csproj", "{D36339E3-DEB3-FFD9-ADEF-9283BB971F90}"
EndProject
Global
	GlobalSection(SolutionConfigurationPlatforms) = preSolution
		Debug|Any CPU = Debug|Any CPU
		Release|Any CPU = Release|Any CPU
	EndGlobalSection
	GlobalSection(ProjectConfigurationPlatforms) = postSolution
		{BC981F2C-69CC-CC1F-5925-39F316468026}.Debug|Any CPU.ActiveCfg = Debug|Any CPU
		{BC981F2C-69CC-CC1F-5925-39F316468026}.Debug|Any CPU.Build.0 = Debug|Any CPU
		{BC981F2C-69CC-CC1F-5925-39F316468026}.Release|Any CPU.ActiveCfg = Release|Any CPU
		{BC981F2C-69CC-CC1F-5925-39F316468026}.Release|Any CPU.Build.0 = Release|Any CPU
		{1DC845DC-B2CC-3928-5ED7-54965BC09AB1}.Debug|Any CPU.ActiveCfg = Debug|Any CPU
		{1DC845DC-B2CC-3928-5ED7-54965BC09AB1}.Debug|Any CPU.Build.0 = Debug|Any CPU
		{1DC845DC-B2CC-3928-5ED7-54965BC09AB1}.Release|Any CPU.ActiveCfg = Release|Any CPU
		{1DC845DC-B2CC-3928-5ED7-54965BC09AB1}.Release|Any CPU.Build.0 = Release|Any CPU
		{1748A8BC-920D-E800-6469-6AC74E03A3F1}.Debug|Any CPU.ActiveCfg = Debug|Any CPU
		{1748A8BC-920D-E800-6469-6AC74E03A3F1}.Debug|Any CPU.Build.0 = Debug|Any CPU
		{1748A8BC-920D-E800-6469-6AC74E03A3F1}.Release|Any CPU.ActiveCfg = Release|Any CPU
		{1748A8BC-920D-E800-6469-6AC74E03A3F1}.Release|Any CPU.Build.0 = Release|Any CPU
		{D36339E3-DEB3-FFD9-ADEF-9283BB971F90}.Debug|Any CPU.ActiveCfg = Debug|Any CPU
		{D36339E3-DEB3-FFD9-ADEF-9283BB971F90}.Debug|Any CPU.Build.0 = Debug|Any CPU
		{D36339E3-DEB3-FFD9-ADEF-9283BB971F90}.Release|Any CPU.ActiveCfg = Release|Any CPU
		{D36339E3-DEB3-FFD9-ADEF-9283BB971F90}.Release|Any CPU.Build.0 = Release|Any CPU
	EndGlobalSection
	GlobalSection(SolutionProperties) = preSolution
		HideSolutionNode = FALSE
	EndGlobalSection
	GlobalSection(ExtensibilityGlobals) = postSolution
		SolutionGuid = {DF9F778E-4858-48C3-B7C0-0523E052B41D}
	EndGlobalSection
EndGlobal
